
Microsoft Visual Studio Solution File, Format Version 12.00
# Visual Studio Version 16
VisualStudioVersion = 16.0.30621.155
MinimumVisualStudioVersion = 10.0.40219.1
Project("{9A19103F-16F7-4668-BE54-9A1E7A4F7556}") = "EnergyDataManager.Web", "EnergyDataManager.Web.csproj", "{EB78B3B3-F80C-4363-A20F-69CCBB17C6F8}"
EndProject
Project("{2150E333-8FDC-42A3-9474-1A3956D46DE8}") = "Infrastructure", "Infrastructure", "{0199F40C-24F7-4E93-A207-54CAA27DD4B8}"
EndProject
Project("{2150E333-8FDC-42A3-9474-1A3956D46DE8}") = "TestData", "TestData", "{2B4714BC-EB1E-4293-9B6A-8AF00C62E1CA}"
EndProject
Project("{9A19103F-16F7-4668-BE54-9A1E7A4F7556}") = "EnergyDataReader.SourceMeterReading.File", "..\EnergyeDataReader\EnergyDataReader.SourceMeterReading.File.csproj", "{8E687A5E-118B-461E-B896-3EE4A865F4E5}"
EndProject
Project("{2150E333-8FDC-42A3-9474-1A3956D46DE8}") = "Tests", "Tests", "{9B268053-2B32-4D42-8795-ACA76ED915FC}"
EndProject
Project("{9A19103F-16F7-4668-BE54-9A1E7A4F7556}") = "given_an_energy_data_manager.web.tests", "..\given_an_energy_data_manager.web.tests\given_an_energy_data_manager.web.tests.csproj", "{5A869000-54CD-4EDA-A10E-771DB9C129D0}"
EndProject
Project("{9A19103F-16F7-4668-BE54-9A1E7A4F7556}") = "EnergyDataManager.Domain", "..\EnergyDataManager.Domain\EnergyDataManager.Domain.csproj", "{EA05517F-7D29-4E2C-8340-52467E6C46CE}"
EndProject
Project("{9A19103F-16F7-4668-BE54-9A1E7A4F7556}") = "SharedKernel", "..\SharedKernel\SharedKernel.csproj", "{6D874E4C-EA91-4937-8DEC-15532332A4BC}"
EndProject
Project("{9A19103F-16F7-4668-BE54-9A1E7A4F7556}") = "given_an_energy_data_manager.integration.tests", "..\given_an_energy_data_manager.integration.tests\given_an_energy_data_manager.integration.tests.csproj", "{A5C991DC-E77C-477B-AC7C-116F3430A624}"
EndProject
Project("{9A19103F-16F7-4668-BE54-9A1E7A4F7556}") = "given_an_energy_data_manager.domain.tests", "..\given_an_energy_data_manager.domain.tests\given_an_energy_data_manager.domain.tests.csproj", "{5FC51C8D-DE2B-42C9-B3C0-C1CBC8CC37B2}"
EndProject
Project("{FAE04EC0-301F-11D3-BF4B-00C04F79EFBC}") = "EnergyDataManager.Data", "..\EnergyDataManager.Data\EnergyDataManager.Data.csproj", "{870A1124-4B51-4D30-A60B-802961BD0152}"
EndProject
Project("{FAE04EC0-301F-11D3-BF4B-00C04F79EFBC}") = "given_an_energy_data_manager.data.tests", "..\given_an_energy_data_manager.data.tests\given_an_energy_data_manager.data.tests.csproj", "{E51E1346-6135-4F0D-8FA8-762C9995D780}"
EndProject
Project("{FAE04EC0-301F-11D3-BF4B-00C04F79EFBC}") = "EnergyDataReader.Account.File", "..\EnergyDataRead.Account.File\EnergyDataReader.Account.File.csproj", "{18F820DB-88AD-4119-9DAE-0A059503A5F8}"
EndProject
Global
	GlobalSection(SolutionConfigurationPlatforms) = preSolution
		Debug|Any CPU = Debug|Any CPU
		Release|Any CPU = Release|Any CPU
	EndGlobalSection
	GlobalSection(ProjectConfigurationPlatforms) = postSolution
		{EB78B3B3-F80C-4363-A20F-69CCBB17C6F8}.Debug|Any CPU.ActiveCfg = Debug|Any CPU
		{EB78B3B3-F80C-4363-A20F-69CCBB17C6F8}.Debug|Any CPU.Build.0 = Debug|Any CPU
		{EB78B3B3-F80C-4363-A20F-69CCBB17C6F8}.Release|Any CPU.ActiveCfg = Release|Any CPU
		{EB78B3B3-F80C-4363-A20F-69CCBB17C6F8}.Release|Any CPU.Build.0 = Release|Any CPU
		{8E687A5E-118B-461E-B896-3EE4A865F4E5}.Debug|Any CPU.ActiveCfg = Debug|Any CPU
		{8E687A5E-118B-461E-B896-3EE4A865F4E5}.Debug|Any CPU.Build.0 = Debug|Any CPU
		{8E687A5E-118B-461E-B896-3EE4A865F4E5}.Release|Any CPU.ActiveCfg = Release|Any CPU
		{8E687A5E-118B-461E-B896-3EE4A865F4E5}.Release|Any CPU.Build.0 = Release|Any CPU
		{5A869000-54CD-4EDA-A10E-771DB9C129D0}.Debug|Any CPU.ActiveCfg = Debug|Any CPU
		{5A869000-54CD-4EDA-A10E-771DB9C129D0}.Debug|Any CPU.Build.0 = Debug|Any CPU
		{5A869000-54CD-4EDA-A10E-771DB9C129D0}.Release|Any CPU.ActiveCfg = Release|Any CPU
		{5A869000-54CD-4EDA-A10E-771DB9C129D0}.Release|Any CPU.Build.0 = Release|Any CPU
		{EA05517F-7D29-4E2C-8340-52467E6C46CE}.Debug|Any CPU.ActiveCfg = Debug|Any CPU
		{EA05517F-7D29-4E2C-8340-52467E6C46CE}.Debug|Any CPU.Build.0 = Debug|Any CPU
		{EA05517F-7D29-4E2C-8340-52467E6C46CE}.Release|Any CPU.ActiveCfg = Release|Any CPU
		{EA05517F-7D29-4E2C-8340-52467E6C46CE}.Release|Any CPU.Build.0 = Release|Any CPU
		{6D874E4C-EA91-4937-8DEC-15532332A4BC}.Debug|Any CPU.ActiveCfg = Debug|Any CPU
		{6D874E4C-EA91-4937-8DEC-15532332A4BC}.Debug|Any CPU.Build.0 = Debug|Any CPU
		{6D874E4C-EA91-4937-8DEC-15532332A4BC}.Release|Any CPU.ActiveCfg = Release|Any CPU
		{6D874E4C-EA91-4937-8DEC-15532332A4BC}.Release|Any CPU.Build.0 = Release|Any CPU
		{A5C991DC-E77C-477B-AC7C-116F3430A624}.Debug|Any CPU.ActiveCfg = Debug|Any CPU
		{A5C991DC-E77C-477B-AC7C-116F3430A624}.Debug|Any CPU.Build.0 = Debug|Any CPU
		{A5C991DC-E77C-477B-AC7C-116F3430A624}.Release|Any CPU.ActiveCfg = Release|Any CPU
		{A5C991DC-E77C-477B-AC7C-116F3430A624}.Release|Any CPU.Build.0 = Release|Any CPU
		{5FC51C8D-DE2B-42C9-B3C0-C1CBC8CC37B2}.Debug|Any CPU.ActiveCfg = Debug|Any CPU
		{5FC51C8D-DE2B-42C9-B3C0-C1CBC8CC37B2}.Debug|Any CPU.Build.0 = Debug|Any CPU
		{5FC51C8D-DE2B-42C9-B3C0-C1CBC8CC37B2}.Release|Any CPU.ActiveCfg = Release|Any CPU
		{5FC51C8D-DE2B-42C9-B3C0-C1CBC8CC37B2}.Release|Any CPU.Build.0 = Release|Any CPU
		{870A1124-4B51-4D30-A60B-802961BD0152}.Debug|Any CPU.ActiveCfg = Debug|Any CPU
		{870A1124-4B51-4D30-A60B-802961BD0152}.Debug|Any CPU.Build.0 = Debug|Any CPU
		{870A1124-4B51-4D30-A60B-802961BD0152}.Release|Any CPU.ActiveCfg = Release|Any CPU
		{870A1124-4B51-4D30-A60B-802961BD0152}.Release|Any CPU.Build.0 = Release|Any CPU
		{E51E1346-6135-4F0D-8FA8-762C9995D780}.Debug|Any CPU.ActiveCfg = Debug|Any CPU
		{E51E1346-6135-4F0D-8FA8-762C9995D780}.Debug|Any CPU.Build.0 = Debug|Any CPU
		{E51E1346-6135-4F0D-8FA8-762C9995D780}.Release|Any CPU.ActiveCfg = Release|Any CPU
		{E51E1346-6135-4F0D-8FA8-762C9995D780}.Release|Any CPU.Build.0 = Release|Any CPU
		{18F820DB-88AD-4119-9DAE-0A059503A5F8}.Debug|Any CPU.ActiveCfg = Debug|Any CPU
		{18F820DB-88AD-4119-9DAE-0A059503A5F8}.Debug|Any CPU.Build.0 = Debug|Any CPU
		{18F820DB-88AD-4119-9DAE-0A059503A5F8}.Release|Any CPU.ActiveCfg = Release|Any CPU
		{18F820DB-88AD-4119-9DAE-0A059503A5F8}.Release|Any CPU.Build.0 = Release|Any CPU
	EndGlobalSection
	GlobalSection(SolutionProperties) = preSolution
		HideSolutionNode = FALSE
	EndGlobalSection
	GlobalSection(NestedProjects) = preSolution
		{2B4714BC-EB1E-4293-9B6A-8AF00C62E1CA} = {0199F40C-24F7-4E93-A207-54CAA27DD4B8}
		{8E687A5E-118B-461E-B896-3EE4A865F4E5} = {0199F40C-24F7-4E93-A207-54CAA27DD4B8}
		{5A869000-54CD-4EDA-A10E-771DB9C129D0} = {9B268053-2B32-4D42-8795-ACA76ED915FC}
		{A5C991DC-E77C-477B-AC7C-116F3430A624} = {9B268053-2B32-4D42-8795-ACA76ED915FC}
		{5FC51C8D-DE2B-42C9-B3C0-C1CBC8CC37B2} = {9B268053-2B32-4D42-8795-ACA76ED915FC}
		{870A1124-4B51-4D30-A60B-802961BD0152} = {0199F40C-24F7-4E93-A207-54CAA27DD4B8}
		{E51E1346-6135-4F0D-8FA8-762C9995D780} = {9B268053-2B32-4D42-8795-ACA76ED915FC}
		{18F820DB-88AD-4119-9DAE-0A059503A5F8} = {0199F40C-24F7-4E93-A207-54CAA27DD4B8}
	EndGlobalSection
	GlobalSection(ExtensibilityGlobals) = postSolution
		SolutionGuid = {B7E0817A-884B-4888-BD83-EC6F79A9D947}
	EndGlobalSection
EndGlobal
